
Microsoft Visual Studio Solution File, Format Version 12.00
# Visual Studio Version 17
VisualStudioVersion = 17.5.002.0
MinimumVisualStudioVersion = 10.0.40219.1
Project("{9A19103F-16F7-4668-BE54-9A1E7A4F7556}") = "CommandService", "CommandService.csproj", "{AE78AED7-9303-45B0-9D11-54B0894D899A}"
EndProject
Global
	GlobalSection(SolutionConfigurationPlatforms) = preSolution
		Debug|Any CPU = Debug|Any CPU
		Release|Any CPU = Release|Any CPU
	EndGlobalSection
	GlobalSection(ProjectConfigurationPlatforms) = postSolution
		{AE78AED7-9303-45B0-9D11-54B0894D899A}.Debug|Any CPU.ActiveCfg = Debug|Any CPU
		{AE78AED7-9303-45B0-9D11-54B0894D899A}.Debug|Any CPU.Build.0 = Debug|Any CPU
		{AE78AED7-9303-45B0-9D11-54B0894D899A}.Release|Any CPU.ActiveCfg = Release|Any CPU
		{AE78AED7-9303-45B0-9D11-54B0894D899A}.Release|Any CPU.Build.0 = Release|Any CPU
	EndGlobalSection
	GlobalSection(SolutionProperties) = preSolution
		HideSolutionNode = FALSE
	EndGlobalSection
	GlobalSection(ExtensibilityGlobals) = postSolution
		SolutionGuid = {9C9569A3-4DCA-476D-B72C-992360A331AD}
	EndGlobalSection
EndGlobal
